// !$*UTF8*$!
{
	archiveVersion = 1;
	classes = {
	};
	objectVersion = 46;
	objects = {

/* Begin PBXFileReference section */
		3CBF23861644F9D8008D46F4 /* floor_all.h */ = {isa = PBXFileReference; lastKnownFileType = sourcecode.c.h; path = floor_all.h; sourceTree = "<group>"; };
		3CBF23871644F9D8008D46F4 /* Makefile.am */ = {isa = PBXFileReference; lastKnownFileType = text; path = Makefile.am; sourceTree = "<group>"; };
		3CBF23881644F9D8008D46F4 /* Makefile.in */ = {isa = PBXFileReference; lastKnownFileType = text; path = Makefile.in; sourceTree = "<group>"; };
		3CBF23891644F9D8008D46F4 /* psych_11.h */ = {isa = PBXFileReference; lastKnownFileType = sourcecode.c.h; path = psych_11.h; sourceTree = "<group>"; };
		3CBF238A1644F9D8008D46F4 /* psych_16.h */ = {isa = PBXFileReference; lastKnownFileType = sourcecode.c.h; path = psych_16.h; sourceTree = "<group>"; };
		3CBF238B1644F9D8008D46F4 /* psych_44.h */ = {isa = PBXFileReference; lastKnownFileType = sourcecode.c.h; path = psych_44.h; sourceTree = "<group>"; };
		3CBF238C1644F9D8008D46F4 /* psych_8.h */ = {isa = PBXFileReference; lastKnownFileType = sourcecode.c.h; path = psych_8.h; sourceTree = "<group>"; };
		3CBF238D1644F9D8008D46F4 /* residue_16.h */ = {isa = PBXFileReference; lastKnownFileType = sourcecode.c.h; path = residue_16.h; sourceTree = "<group>"; };
		3CBF238E1644F9D8008D46F4 /* residue_44.h */ = {isa = PBXFileReference; lastKnownFileType = sourcecode.c.h; path = residue_44.h; sourceTree = "<group>"; };
		3CBF238F1644F9D8008D46F4 /* residue_44p51.h */ = {isa = PBXFileReference; lastKnownFileType = sourcecode.c.h; path = residue_44p51.h; sourceTree = "<group>"; };
		3CBF23901644F9D8008D46F4 /* residue_44u.h */ = {isa = PBXFileReference; lastKnownFileType = sourcecode.c.h; path = residue_44u.h; sourceTree = "<group>"; };
		3CBF23911644F9D8008D46F4 /* residue_8.h */ = {isa = PBXFileReference; lastKnownFileType = sourcecode.c.h; path = residue_8.h; sourceTree = "<group>"; };
		3CBF23921644F9D8008D46F4 /* setup_11.h */ = {isa = PBXFileReference; lastKnownFileType = sourcecode.c.h; path = setup_11.h; sourceTree = "<group>"; };
		3CBF23931644F9D8008D46F4 /* setup_16.h */ = {isa = PBXFileReference; lastKnownFileType = sourcecode.c.h; path = setup_16.h; sourceTree = "<group>"; };
		3CBF23941644F9D8008D46F4 /* setup_22.h */ = {isa = PBXFileReference; lastKnownFileType = sourcecode.c.h; path = setup_22.h; sourceTree = "<group>"; };
		3CBF23951644F9D8008D46F4 /* setup_32.h */ = {isa = PBXFileReference; lastKnownFileType = sourcecode.c.h; path = setup_32.h; sourceTree = "<group>"; };
		3CBF23961644F9D8008D46F4 /* setup_44.h */ = {isa = PBXFileReference; lastKnownFileType = sourcecode.c.h; path = setup_44.h; sourceTree = "<group>"; };
		3CBF23971644F9D8008D46F4 /* setup_44p51.h */ = {isa = PBXFileReference; lastKnownFileType = sourcecode.c.h; path = setup_44p51.h; sourceTree = "<group>"; };
		3CBF23981644F9D8008D46F4 /* setup_44u.h */ = {isa = PBXFileReference; lastKnownFileType = sourcecode.c.h; path = setup_44u.h; sourceTree = "<group>"; };
		3CBF23991644F9D8008D46F4 /* setup_8.h */ = {isa = PBXFileReference; lastKnownFileType = sourcecode.c.h; path = setup_8.h; sourceTree = "<group>"; };
		3CBF239A1644F9D8008D46F4 /* setup_X.h */ = {isa = PBXFileReference; lastKnownFileType = sourcecode.c.h; path = setup_X.h; sourceTree = "<group>"; };
/* End PBXFileReference section */

/* Begin PBXGroup section */
		3CBF237E1644F9D8008D46F4 = {
			isa = PBXGroup;
			children = (
				3CBF23861644F9D8008D46F4 /* floor_all.h */,
				3CBF23871644F9D8008D46F4 /* Makefile.am */,
				3CBF23881644F9D8008D46F4 /* Makefile.in */,
				3CBF23891644F9D8008D46F4 /* psych_11.h */,
				3CBF238A1644F9D8008D46F4 /* psych_16.h */,
				3CBF238B1644F9D8008D46F4 /* psych_44.h */,
				3CBF238C1644F9D8008D46F4 /* psych_8.h */,
				3CBF238D1644F9D8008D46F4 /* residue_16.h */,
				3CBF238E1644F9D8008D46F4 /* residue_44.h */,
				3CBF238F1644F9D8008D46F4 /* residue_44p51.h */,
				3CBF23901644F9D8008D46F4 /* residue_44u.h */,
				3CBF23911644F9D8008D46F4 /* residue_8.h */,
				3CBF23921644F9D8008D46F4 /* setup_11.h */,
				3CBF23931644F9D8008D46F4 /* setup_16.h */,
				3CBF23941644F9D8008D46F4 /* setup_22.h */,
				3CBF23951644F9D8008D46F4 /* setup_32.h */,
				3CBF23961644F9D8008D46F4 /* setup_44.h */,
				3CBF23971644F9D8008D46F4 /* setup_44p51.h */,
				3CBF23981644F9D8008D46F4 /* setup_44u.h */,
				3CBF23991644F9D8008D46F4 /* setup_8.h */,
				3CBF239A1644F9D8008D46F4 /* setup_X.h */,
			);
			sourceTree = "<group>";
		};
/* End PBXGroup section */

/* Begin PBXLegacyTarget section */
		3CBF23851644F9D8008D46F4 /* modes */ = {
			isa = PBXLegacyTarget;
			buildArgumentsString = "$(ACTION)";
			buildConfigurationList = 3CBF239B1644F9D8008D46F4 /* Build configuration list for PBXLegacyTarget "modes" */;
			buildPhases = (
			);
			buildToolPath = /usr/bin/make;
			buildWorkingDirectory = "/dailin/Wesnoth/lib/libvorbis-1.3.3/lib/modes";
			dependencies = (
			);
			name = modes;
			passBuildSettingsInEnvironment = 1;
			productName = modes;
		};
/* End PBXLegacyTarget section */

/* Begin PBXProject section */
		3CBF23801644F9D8008D46F4 /* Project object */ = {
			isa = PBXProject;
			buildConfigurationList = 3CBF23831644F9D8008D46F4 /* Build configuration list for PBXProject "modes" */;
			compatibilityVersion = "Xcode 3.2";
			developmentRegion = English;
			hasScannedForEncodings = 0;
			knownRegions = (
				en,
			);
			mainGroup = 3CBF237E1644F9D8008D46F4;
			projectDirPath = "";
			projectRoot = "";
			targets = (
				3CBF23851644F9D8008D46F4 /* modes */,
			);
		};
/* End PBXProject section */

/* Begin XCBuildConfiguration section */
		3CBF23811644F9D8008D46F4 /* Debug */ = {
			isa = XCBuildConfiguration;
			buildSettings = {
				ARCHS = "$(ARCHS_STANDARD_32_BIT)";
				COPY_PHASE_STRIP = NO;
				GCC_WARN_ABOUT_RETURN_TYPE = YES;
				GCC_WARN_UNUSED_VARIABLE = YES;
				ONLY_ACTIVE_ARCH = YES;
				SDKROOT = macosx10.6;
			};
			name = Debug;
		};
		3CBF23821644F9D8008D46F4 /* Release */ = {
			isa = XCBuildConfiguration;
			buildSettings = {
				ARCHS = "$(ARCHS_STANDARD_32_BIT)";
				COPY_PHASE_STRIP = YES;
				GCC_WARN_ABOUT_RETURN_TYPE = YES;
				GCC_WARN_UNUSED_VARIABLE = YES;
				SDKROOT = macosx10.6;
			};
			name = Release;
		};
		3CBF239C1644F9D8008D46F4 /* Debug */ = {
			isa = XCBuildConfiguration;
			buildSettings = {
				COPY_PHASE_STRIP = NO;
				DEBUGGING_SYMBOLS = YES;
				GCC_DYNAMIC_NO_PIC = NO;
				GCC_ENABLE_FIX_AND_CONTINUE = YES;
				GCC_GENERATE_DEBUGGING_SYMBOLS = YES;
				GCC_OPTIMIZATION_LEVEL = 0;
				OTHER_CFLAGS = "";
				OTHER_LDFLAGS = "";
				PRODUCT_NAME = modes;
			};
			name = Debug;
		};
		3CBF239D1644F9D8008D46F4 /* Release */ = {
			isa = XCBuildConfiguration;
			buildSettings = {
				COPY_PHASE_STRIP = YES;
				DEBUG_INFORMATION_FORMAT = "dwarf-with-dsym";
				GCC_ENABLE_FIX_AND_CONTINUE = NO;
				OTHER_CFLAGS = "";
				OTHER_LDFLAGS = "";
				PRODUCT_NAME = modes;
			};
			name = Release;
		};
/* End XCBuildConfiguration section */

/* Begin XCConfigurationList section */
		3CBF23831644F9D8008D46F4 /* Build configuration list for PBXProject "modes" */ = {
			isa = XCConfigurationList;
			buildConfigurations = (
				3CBF23811644F9D8008D46F4 /* Debug */,
				3CBF23821644F9D8008D46F4 /* Release */,
			);
			defaultConfigurationIsVisible = 0;
			defaultConfigurationName = Release;
		};
		3CBF239B1644F9D8008D46F4 /* Build configuration list for PBXLegacyTarget "modes" */ = {
			isa = XCConfigurationList;
			buildConfigurations = (
				3CBF239C1644F9D8008D46F4 /* Debug */,
				3CBF239D1644F9D8008D46F4 /* Release */,
			);
			defaultConfigurationIsVisible = 0;
			defaultConfigurationName = Release;
		};
/* End XCConfigurationList section */
	};
	rootObject = 3CBF23801644F9D8008D46F4 /* Project object */;
}
