// !$*UTF8*$!
{
	archiveVersion = 1;
	classes = {
	};
	objectVersion = 46;
	objects = {

/* Begin PBXBuildFile section */
		3CBF22AE1644C078008D46F4 /* Foundation.framework in Frameworks */ = {isa = PBXBuildFile; fileRef = 3CBF22AD1644C078008D46F4 /* Foundation.framework */; };
		3CBF22C31644C180008D46F4 /* bitwise.c in Sources */ = {isa = PBXBuildFile; fileRef = 3CBF22C11644C180008D46F4 /* bitwise.c */; };
		3CBF22C41644C180008D46F4 /* framing.c in Sources */ = {isa = PBXBuildFile; fileRef = 3CBF22C21644C180008D46F4 /* framing.c */; };
/* End PBXBuildFile section */

/* Begin PBXCopyFilesBuildPhase section */
		3CBF22A81644C078008D46F4 /* CopyFiles */ = {
			isa = PBXCopyFilesBuildPhase;
			buildActionMask = 2147483647;
			dstPath = "include/${PRODUCT_NAME}";
			dstSubfolderSpec = 16;
			files = (
			);
			runOnlyForDeploymentPostprocessing = 0;
		};
/* End PBXCopyFilesBuildPhase section */

/* Begin PBXFileReference section */
		3CBF22AA1644C078008D46F4 /* libogg.a */ = {isa = PBXFileReference; explicitFileType = archive.ar; includeInIndex = 0; path = libogg.a; sourceTree = BUILT_PRODUCTS_DIR; };
		3CBF22AD1644C078008D46F4 /* Foundation.framework */ = {isa = PBXFileReference; lastKnownFileType = wrapper.framework; name = Foundation.framework; path = System/Library/Frameworks/Foundation.framework; sourceTree = SDKROOT; };
		3CBF22B11644C078008D46F4 /* ogg-Prefix.pch */ = {isa = PBXFileReference; lastKnownFileType = sourcecode.c.h; path = "ogg-Prefix.pch"; sourceTree = "<group>"; };
		3CBF22C11644C180008D46F4 /* bitwise.c */ = {isa = PBXFileReference; fileEncoding = 4; lastKnownFileType = sourcecode.c.c; name = bitwise.c; path = "../../../../lib/libogg-1.3.0/src/bitwise.c"; sourceTree = "<group>"; };
		3CBF22C21644C180008D46F4 /* framing.c */ = {isa = PBXFileReference; fileEncoding = 4; lastKnownFileType = sourcecode.c.c; name = framing.c; path = "../../../../lib/libogg-1.3.0/src/framing.c"; sourceTree = "<group>"; };
/* End PBXFileReference section */

/* Begin PBXFrameworksBuildPhase section */
		3CBF22A71644C078008D46F4 /* Frameworks */ = {
			isa = PBXFrameworksBuildPhase;
			buildActionMask = 2147483647;
			files = (
				3CBF22AE1644C078008D46F4 /* Foundation.framework in Frameworks */,
			);
			runOnlyForDeploymentPostprocessing = 0;
		};
/* End PBXFrameworksBuildPhase section */

/* Begin PBXGroup section */
		3CBF229F1644C078008D46F4 = {
			isa = PBXGroup;
			children = (
				3CBF22AF1644C078008D46F4 /* ogg */,
				3CBF22AC1644C078008D46F4 /* Frameworks */,
				3CBF22AB1644C078008D46F4 /* Products */,
			);
			sourceTree = "<group>";
		};
		3CBF22AB1644C078008D46F4 /* Products */ = {
			isa = PBXGroup;
			children = (
				3CBF22AA1644C078008D46F4 /* libogg.a */,
			);
			name = Products;
			sourceTree = "<group>";
		};
		3CBF22AC1644C078008D46F4 /* Frameworks */ = {
			isa = PBXGroup;
			children = (
				3CBF22AD1644C078008D46F4 /* Foundation.framework */,
			);
			name = Frameworks;
			sourceTree = "<group>";
		};
		3CBF22AF1644C078008D46F4 /* ogg */ = {
			isa = PBXGroup;
			children = (
				3CBF22C11644C180008D46F4 /* bitwise.c */,
				3CBF22C21644C180008D46F4 /* framing.c */,
				3CBF22B01644C078008D46F4 /* Supporting Files */,
			);
			path = ogg;
			sourceTree = "<group>";
		};
		3CBF22B01644C078008D46F4 /* Supporting Files */ = {
			isa = PBXGroup;
			children = (
				3CBF22B11644C078008D46F4 /* ogg-Prefix.pch */,
			);
			name = "Supporting Files";
			sourceTree = "<group>";
		};
/* End PBXGroup section */

/* Begin PBXNativeTarget section */
		3CBF22A91644C078008D46F4 /* ogg */ = {
			isa = PBXNativeTarget;
			buildConfigurationList = 3CBF22B81644C078008D46F4 /* Build configuration list for PBXNativeTarget "ogg" */;
			buildPhases = (
				3CBF22A61644C078008D46F4 /* Sources */,
				3CBF22A71644C078008D46F4 /* Frameworks */,
				3CBF22A81644C078008D46F4 /* CopyFiles */,
			);
			buildRules = (
			);
			dependencies = (
			);
			name = ogg;
			productName = ogg;
			productReference = 3CBF22AA1644C078008D46F4 /* libogg.a */;
			productType = "com.apple.product-type.library.static";
		};
/* End PBXNativeTarget section */

/* Begin PBXProject section */
		3CBF22A11644C078008D46F4 /* Project object */ = {
			isa = PBXProject;
			attributes = {
				LastUpgradeCheck = 0450;
				ORGANIZATIONNAME = "dai lin";
			};
			buildConfigurationList = 3CBF22A41644C078008D46F4 /* Build configuration list for PBXProject "ogg" */;
			compatibilityVersion = "Xcode 3.2";
			developmentRegion = English;
			hasScannedForEncodings = 0;
			knownRegions = (
				en,
			);
			mainGroup = 3CBF229F1644C078008D46F4;
			productRefGroup = 3CBF22AB1644C078008D46F4 /* Products */;
			projectDirPath = "";
			projectRoot = "";
			targets = (
				3CBF22A91644C078008D46F4 /* ogg */,
			);
		};
/* End PBXProject section */

/* Begin PBXSourcesBuildPhase section */
		3CBF22A61644C078008D46F4 /* Sources */ = {
			isa = PBXSourcesBuildPhase;
			buildActionMask = 2147483647;
			files = (
				3CBF22C31644C180008D46F4 /* bitwise.c in Sources */,
				3CBF22C41644C180008D46F4 /* framing.c in Sources */,
			);
			runOnlyForDeploymentPostprocessing = 0;
		};
/* End PBXSourcesBuildPhase section */

/* Begin XCBuildConfiguration section */
		3CBF22B61644C078008D46F4 /* Debug */ = {
			isa = XCBuildConfiguration;
			buildSettings = {
				ALWAYS_SEARCH_USER_PATHS = NO;
				CLANG_CXX_LANGUAGE_STANDARD = "gnu++0x";
				CLANG_CXX_LIBRARY = "libc++";
				CLANG_WARN_EMPTY_BODY = YES;
				CLANG_WARN__DUPLICATE_METHOD_MATCH = YES;
				COPY_PHASE_STRIP = NO;
				GCC_C_LANGUAGE_STANDARD = gnu99;
				GCC_DYNAMIC_NO_PIC = NO;
				GCC_OPTIMIZATION_LEVEL = 0;
				GCC_PREPROCESSOR_DEFINITIONS = (
					"DEBUG=1",
					"$(inherited)",
				);
				GCC_SYMBOLS_PRIVATE_EXTERN = NO;
				GCC_WARN_ABOUT_RETURN_TYPE = YES;
				GCC_WARN_UNINITIALIZED_AUTOS = YES;
				GCC_WARN_UNUSED_VARIABLE = YES;
				IPHONEOS_DEPLOYMENT_TARGET = 4.3;
				ONLY_ACTIVE_ARCH = YES;
				SDKROOT = iphoneos;
			};
			name = Debug;
		};
		3CBF22B71644C078008D46F4 /* Release */ = {
			isa = XCBuildConfiguration;
			buildSettings = {
				ALWAYS_SEARCH_USER_PATHS = NO;
				CLANG_CXX_LANGUAGE_STANDARD = "gnu++0x";
				CLANG_CXX_LIBRARY = "libc++";
				CLANG_WARN_EMPTY_BODY = YES;
				CLANG_WARN__DUPLICATE_METHOD_MATCH = YES;
				COPY_PHASE_STRIP = YES;
				GCC_C_LANGUAGE_STANDARD = gnu99;
				GCC_OPTIMIZATION_LEVEL = 3;
				GCC_WARN_ABOUT_RETURN_TYPE = YES;
				GCC_WARN_UNINITIALIZED_AUTOS = YES;
				GCC_WARN_UNUSED_VARIABLE = YES;
				IPHONEOS_DEPLOYMENT_TARGET = 4.3;
				SDKROOT = iphoneos;
				VALIDATE_PRODUCT = YES;
			};
			name = Release;
		};
		3CBF22B91644C078008D46F4 /* Debug */ = {
			isa = XCBuildConfiguration;
			buildSettings = {
				DSTROOT = /tmp/ogg.dst;
				GCC_PRECOMPILE_PREFIX_HEADER = YES;
				GCC_PREFIX_HEADER = "ogg/ogg-Prefix.pch";
				GCC_VERSION = com.apple.compilers.llvmgcc42;
				HEADER_SEARCH_PATHS = "\"$(SRCROOT)/../../../lib/libogg-1.3.0/include\"";
				OTHER_CFLAGS = (
					"-falign-loops=16",
					"-ffast-math",
					"$(OTHER_CFLAGS)",
				);
				OTHER_LDFLAGS = "-ObjC";
				PRODUCT_NAME = "$(TARGET_NAME)";
				SKIP_INSTALL = YES;
			};
			name = Debug;
		};
		3CBF22BA1644C078008D46F4 /* Release */ = {
			isa = XCBuildConfiguration;
			buildSettings = {
				DSTROOT = /tmp/ogg.dst;
				GCC_OPTIMIZATION_LEVEL = 3;
				GCC_PRECOMPILE_PREFIX_HEADER = YES;
				GCC_PREFIX_HEADER = "ogg/ogg-Prefix.pch";
				GCC_VERSION = com.apple.compilers.llvmgcc42;
				HEADER_SEARCH_PATHS = "\"$(SRCROOT)/../../../lib/libogg-1.3.0/include\"";
				OTHER_CFLAGS = (
					"-falign-loops=16",
					"-ffast-math",
					"$(OTHER_CFLAGS)",
				);
				OTHER_LDFLAGS = "-ObjC";
				PRODUCT_NAME = "$(TARGET_NAME)";
				SKIP_INSTALL = YES;
			};
			name = Release;
		};
/* End XCBuildConfiguration section */

/* Begin XCConfigurationList section */
		3CBF22A41644C078008D46F4 /* Build configuration list for PBXProject "ogg" */ = {
			isa = XCConfigurationList;
			buildConfigurations = (
				3CBF22B61644C078008D46F4 /* Debug */,
				3CBF22B71644C078008D46F4 /* Release */,
			);
			defaultConfigurationIsVisible = 0;
			defaultConfigurationName = Release;
		};
		3CBF22B81644C078008D46F4 /* Build configuration list for PBXNativeTarget "ogg" */ = {
			isa = XCConfigurationList;
			buildConfigurations = (
				3CBF22B91644C078008D46F4 /* Debug */,
				3CBF22BA1644C078008D46F4 /* Release */,
			);
			defaultConfigurationIsVisible = 0;
			defaultConfigurationName = Release;
		};
/* End XCConfigurationList section */
	};
	rootObject = 3CBF22A11644C078008D46F4 /* Project object */;
}
